
Microsoft Visual Studio Solution File, Format Version 12.00
# Visual Studio Version 17
VisualStudioVersion = 17.5.33516.290
MinimumVisualStudioVersion = 10.0.40219.1
Project("{FAE04EC0-301F-11D3-BF4B-00C04F79EFBC}") = "ltihan", "ltihan\ltihan.csproj", "{77C423AE-0217-4D9F-BE31-98DB6CA7E5DB}"
EndProject
Global
	GlobalSection(SolutionConfigurationPlatforms) = preSolution
		Debug|Any CPU = Debug|Any CPU
		Release|Any CPU = Release|Any CPU
	EndGlobalSection
	GlobalSection(ProjectConfigurationPlatforms) = postSolution
		{77C423AE-0217-4D9F-BE31-98DB6CA7E5DB}.Debug|Any CPU.ActiveCfg = Debug|Any CPU
		{77C423AE-0217-4D9F-BE31-98DB6CA7E5DB}.Debug|Any CPU.Build.0 = Debug|Any CPU
		{77C423AE-0217-4D9F-BE31-98DB6CA7E5DB}.Release|Any CPU.ActiveCfg = Release|Any CPU
		{77C423AE-0217-4D9F-BE31-98DB6CA7E5DB}.Release|Any CPU.Build.0 = Release|Any CPU
	EndGlobalSection
	GlobalSection(SolutionProperties) = preSolution
		HideSolutionNode = FALSE
	EndGlobalSection
	GlobalSection(ExtensibilityGlobals) = postSolution
		SolutionGuid = {69492A61-7E85-4F23-AD82-51C6BEC25A09}
	EndGlobalSection
EndGlobal
